
Microsoft Visual Studio Solution File, Format Version 12.00
# Visual Studio Version 17
VisualStudioVersion = 17.2.32519.379
MinimumVisualStudioVersion = 10.0.40219.1
Project("{FAE04EC0-301F-11D3-BF4B-00C04F79EFBC}") = "Core.Web", "Core.Web\Core.Web.csproj", "{9A586FBD-439C-49E9-972F-E44675DDCA5A}"
EndProject
Global
	GlobalSection(SolutionConfigurationPlatforms) = preSolution
		Debug|Any CPU = Debug|Any CPU
		Release|Any CPU = Release|Any CPU
	EndGlobalSection
	GlobalSection(ProjectConfigurationPlatforms) = postSolution
		{9A586FBD-439C-49E9-972F-E44675DDCA5A}.Debug|Any CPU.ActiveCfg = Debug|Any CPU
		{9A586FBD-439C-49E9-972F-E44675DDCA5A}.Debug|Any CPU.Build.0 = Debug|Any CPU
		{9A586FBD-439C-49E9-972F-E44675DDCA5A}.Release|Any CPU.ActiveCfg = Release|Any CPU
		{9A586FBD-439C-49E9-972F-E44675DDCA5A}.Release|Any CPU.Build.0 = Release|Any CPU
	EndGlobalSection
	GlobalSection(SolutionProperties) = preSolution
		HideSolutionNode = FALSE
	EndGlobalSection
	GlobalSection(ExtensibilityGlobals) = postSolution
		SolutionGuid = {9DB7FE5B-B508-429E-BD9A-0D524ADBAE04}
	EndGlobalSection
EndGlobal
